
Microsoft Visual Studio Solution File, Format Version 12.00
# Visual Studio Version 17
VisualStudioVersion = 17.13.35806.99 d17.13
MinimumVisualStudioVersion = 10.0.40219.1
Project("{FAE04EC0-301F-11D3-BF4B-00C04F79EFBC}") = "Uniation", "Uniation\Uniation.csproj", "{5C87D44E-3F4C-4DE6-9865-D1EE3FFA3244}"
EndProject
Global
	GlobalSection(SolutionConfigurationPlatforms) = preSolution
		Debug|Any CPU = Debug|Any CPU
		Release|Any CPU = Release|Any CPU
	EndGlobalSection
	GlobalSection(ProjectConfigurationPlatforms) = postSolution
		{5C87D44E-3F4C-4DE6-9865-D1EE3FFA3244}.Debug|Any CPU.ActiveCfg = Debug|Any CPU
		{5C87D44E-3F4C-4DE6-9865-D1EE3FFA3244}.Debug|Any CPU.Build.0 = Debug|Any CPU
		{5C87D44E-3F4C-4DE6-9865-D1EE3FFA3244}.Release|Any CPU.ActiveCfg = Release|Any CPU
		{5C87D44E-3F4C-4DE6-9865-D1EE3FFA3244}.Release|Any CPU.Build.0 = Release|Any CPU
	EndGlobalSection
	GlobalSection(SolutionProperties) = preSolution
		HideSolutionNode = FALSE
	EndGlobalSection
	GlobalSection(ExtensibilityGlobals) = postSolution
		SolutionGuid = {40F1E17A-48A7-4355-A2C1-5BE67FD9046F}
	EndGlobalSection
EndGlobal
